// !$*UTF8*$!
{
	archiveVersion = 1;
	classes = {
	};
	objectVersion = 46;
	objects = {

/* Begin PBXBuildFile section */
		D009A5A01C476C8200A79678 /* VSMRCBlockViewController.m in Sources */ = {isa = PBXBuildFile; fileRef = D009A59F1C476C8200A79678 /* VSMRCBlockViewController.m */; settings = {COMPILER_FLAGS = "-fno-objc-arc"; }; };
		D009A5A31C4787E400A79678 /* VSBlockAndDelegateViewController.m in Sources */ = {isa = PBXBuildFile; fileRef = D009A5A21C4787E400A79678 /* VSBlockAndDelegateViewController.m */; };
		D009A5A61C47892D00A79678 /* VSSecondViewController.m in Sources */ = {isa = PBXBuildFile; fileRef = D009A5A51C47892D00A79678 /* VSSecondViewController.m */; };
		D057A7861C45DEF00041AAD7 /* main.m in Sources */ = {isa = PBXBuildFile; fileRef = D057A7851C45DEEF0041AAD7 /* main.m */; };
		D057A7891C45DEF00041AAD7 /* AppDelegate.m in Sources */ = {isa = PBXBuildFile; fileRef = D057A7881C45DEF00041AAD7 /* AppDelegate.m */; };
		D057A78F1C45DEF00041AAD7 /* Main.storyboard in Resources */ = {isa = PBXBuildFile; fileRef = D057A78D1C45DEF00041AAD7 /* Main.storyboard */; };
		D057A7911C45DEF00041AAD7 /* Assets.xcassets in Resources */ = {isa = PBXBuildFile; fileRef = D057A7901C45DEF00041AAD7 /* Assets.xcassets */; };
		D057A7941C45DEF00041AAD7 /* LaunchScreen.storyboard in Resources */ = {isa = PBXBuildFile; fileRef = D057A7921C45DEF00041AAD7 /* LaunchScreen.storyboard */; };
		D057A79D1C45E07D0041AAD7 /* VSMainTableViewController.m in Sources */ = {isa = PBXBuildFile; fileRef = D057A79C1C45E07D0041AAD7 /* VSMainTableViewController.m */; };
		D057A7A31C45E92C0041AAD7 /* NSString+VSExtendedString.m in Sources */ = {isa = PBXBuildFile; fileRef = D057A7A21C45E92C0041AAD7 /* NSString+VSExtendedString.m */; };
		D057A7B01C45F0B50041AAD7 /* VSTestBlockModel.m in Sources */ = {isa = PBXBuildFile; fileRef = D057A7AF1C45F0B50041AAD7 /* VSTestBlockModel.m */; };
		D057A7B31C45F1950041AAD7 /* VSBlockViewController.m in Sources */ = {isa = PBXBuildFile; fileRef = D057A7B21C45F1950041AAD7 /* VSBlockViewController.m */; };
		D057A7B71C45FE290041AAD7 /* Common.m in Sources */ = {isa = PBXBuildFile; fileRef = D057A7B61C45FE290041AAD7 /* Common.m */; };
		D057A7C91C474D310041AAD7 /* VSARCBlockViewController.m in Sources */ = {isa = PBXBuildFile; fileRef = D057A7C81C474D310041AAD7 /* VSARCBlockViewController.m */; };
		D0DEFF591C5A1D9D00A9959C /* block.cpp in Sources */ = {isa = PBXBuildFile; fileRef = D0DEFF4F1C5A1D9D00A9959C /* block.cpp */; };
		D0DEFF5A1C5A1D9D00A9959C /* block.m in Sources */ = {isa = PBXBuildFile; fileRef = D0DEFF501C5A1D9D00A9959C /* block.m */; };
		D0DEFF5B1C5A1D9D00A9959C /* blockVar.cpp in Sources */ = {isa = PBXBuildFile; fileRef = D0DEFF521C5A1D9D00A9959C /* blockVar.cpp */; };
		D0DEFF5C1C5A1D9D00A9959C /* blockVar.m in Sources */ = {isa = PBXBuildFile; fileRef = D0DEFF531C5A1D9D00A9959C /* blockVar.m */; };
		D0DEFF5D1C5A1D9D00A9959C /* blockCaptureVar.cpp in Sources */ = {isa = PBXBuildFile; fileRef = D0DEFF551C5A1D9D00A9959C /* blockCaptureVar.cpp */; };
		D0DEFF5E1C5A1D9D00A9959C /* blockCaptureVar.m in Sources */ = {isa = PBXBuildFile; fileRef = D0DEFF561C5A1D9D00A9959C /* blockCaptureVar.m */; };
		D0DEFF5F1C5A1D9D00A9959C /* blockCaptureVar__block.cpp in Sources */ = {isa = PBXBuildFile; fileRef = D0DEFF571C5A1D9D00A9959C /* blockCaptureVar__block.cpp */; };
		D0DEFF601C5A1D9D00A9959C /* blockCaptureVar__weak.cpp in Sources */ = {isa = PBXBuildFile; fileRef = D0DEFF581C5A1D9D00A9959C /* blockCaptureVar__weak.cpp */; };
/* End PBXBuildFile section */

/* Begin PBXFileReference section */
		D009A59E1C476C8200A79678 /* VSMRCBlockViewController.h */ = {isa = PBXFileReference; fileEncoding = 4; lastKnownFileType = sourcecode.c.h; path = VSMRCBlockViewController.h; sourceTree = "<group>"; };
		D009A59F1C476C8200A79678 /* VSMRCBlockViewController.m */ = {isa = PBXFileReference; fileEncoding = 4; lastKnownFileType = sourcecode.c.objc; path = VSMRCBlockViewController.m; sourceTree = "<group>"; };
		D009A5A11C4787E400A79678 /* VSBlockAndDelegateViewController.h */ = {isa = PBXFileReference; fileEncoding = 4; lastKnownFileType = sourcecode.c.h; path = VSBlockAndDelegateViewController.h; sourceTree = "<group>"; };
		D009A5A21C4787E400A79678 /* VSBlockAndDelegateViewController.m */ = {isa = PBXFileReference; fileEncoding = 4; lastKnownFileType = sourcecode.c.objc; path = VSBlockAndDelegateViewController.m; sourceTree = "<group>"; };
		D009A5A41C47892D00A79678 /* VSSecondViewController.h */ = {isa = PBXFileReference; fileEncoding = 4; lastKnownFileType = sourcecode.c.h; path = VSSecondViewController.h; sourceTree = "<group>"; };
		D009A5A51C47892D00A79678 /* VSSecondViewController.m */ = {isa = PBXFileReference; fileEncoding = 4; lastKnownFileType = sourcecode.c.objc; path = VSSecondViewController.m; sourceTree = "<group>"; };
		D057A7811C45DEEF0041AAD7 /* VSBlockStudy.app */ = {isa = PBXFileReference; explicitFileType = wrapper.application; includeInIndex = 0; path = VSBlockStudy.app; sourceTree = BUILT_PRODUCTS_DIR; };
		D057A7851C45DEEF0041AAD7 /* main.m */ = {isa = PBXFileReference; lastKnownFileType = sourcecode.c.objc; path = main.m; sourceTree = "<group>"; };
		D057A7871C45DEF00041AAD7 /* AppDelegate.h */ = {isa = PBXFileReference; lastKnownFileType = sourcecode.c.h; path = AppDelegate.h; sourceTree = "<group>"; };
		D057A7881C45DEF00041AAD7 /* AppDelegate.m */ = {isa = PBXFileReference; lastKnownFileType = sourcecode.c.objc; path = AppDelegate.m; sourceTree = "<group>"; };
		D057A78E1C45DEF00041AAD7 /* Base */ = {isa = PBXFileReference; lastKnownFileType = file.storyboard; name = Base; path = Base.lproj/Main.storyboard; sourceTree = "<group>"; };
		D057A7901C45DEF00041AAD7 /* Assets.xcassets */ = {isa = PBXFileReference; lastKnownFileType = folder.assetcatalog; path = Assets.xcassets; sourceTree = "<group>"; };
		D057A7931C45DEF00041AAD7 /* Base */ = {isa = PBXFileReference; lastKnownFileType = file.storyboard; name = Base; path = Base.lproj/LaunchScreen.storyboard; sourceTree = "<group>"; };
		D057A7951C45DEF00041AAD7 /* Info.plist */ = {isa = PBXFileReference; lastKnownFileType = text.plist.xml; path = Info.plist; sourceTree = "<group>"; };
		D057A79B1C45E07D0041AAD7 /* VSMainTableViewController.h */ = {isa = PBXFileReference; fileEncoding = 4; lastKnownFileType = sourcecode.c.h; path = VSMainTableViewController.h; sourceTree = "<group>"; };
		D057A79C1C45E07D0041AAD7 /* VSMainTableViewController.m */ = {isa = PBXFileReference; fileEncoding = 4; lastKnownFileType = sourcecode.c.objc; path = VSMainTableViewController.m; sourceTree = "<group>"; };
		D057A7A11C45E92C0041AAD7 /* NSString+VSExtendedString.h */ = {isa = PBXFileReference; fileEncoding = 4; lastKnownFileType = sourcecode.c.h; path = "NSString+VSExtendedString.h"; sourceTree = "<group>"; };
		D057A7A21C45E92C0041AAD7 /* NSString+VSExtendedString.m */ = {isa = PBXFileReference; fileEncoding = 4; lastKnownFileType = sourcecode.c.objc; path = "NSString+VSExtendedString.m"; sourceTree = "<group>"; };
		D057A7AE1C45F0B50041AAD7 /* VSTestBlockModel.h */ = {isa = PBXFileReference; fileEncoding = 4; lastKnownFileType = sourcecode.c.h; path = VSTestBlockModel.h; sourceTree = "<group>"; };
		D057A7AF1C45F0B50041AAD7 /* VSTestBlockModel.m */ = {isa = PBXFileReference; fileEncoding = 4; lastKnownFileType = sourcecode.c.objc; path = VSTestBlockModel.m; sourceTree = "<group>"; };
		D057A7B11C45F1950041AAD7 /* VSBlockViewController.h */ = {isa = PBXFileReference; fileEncoding = 4; lastKnownFileType = sourcecode.c.h; path = VSBlockViewController.h; sourceTree = "<group>"; };
		D057A7B21C45F1950041AAD7 /* VSBlockViewController.m */ = {isa = PBXFileReference; fileEncoding = 4; lastKnownFileType = sourcecode.c.objc; path = VSBlockViewController.m; sourceTree = "<group>"; };
		D057A7B51C45FE290041AAD7 /* Common.h */ = {isa = PBXFileReference; fileEncoding = 4; lastKnownFileType = sourcecode.c.h; path = Common.h; sourceTree = "<group>"; };
		D057A7B61C45FE290041AAD7 /* Common.m */ = {isa = PBXFileReference; fileEncoding = 4; lastKnownFileType = sourcecode.c.objc; path = Common.m; sourceTree = "<group>"; };
		D057A7C71C474D310041AAD7 /* VSARCBlockViewController.h */ = {isa = PBXFileReference; fileEncoding = 4; lastKnownFileType = sourcecode.c.h; path = VSARCBlockViewController.h; sourceTree = "<group>"; };
		D057A7C81C474D310041AAD7 /* VSARCBlockViewController.m */ = {isa = PBXFileReference; fileEncoding = 4; lastKnownFileType = sourcecode.c.objc; path = VSARCBlockViewController.m; sourceTree = "<group>"; };
		D0DEFF4F1C5A1D9D00A9959C /* block.cpp */ = {isa = PBXFileReference; fileEncoding = 4; lastKnownFileType = sourcecode.cpp.cpp; path = block.cpp; sourceTree = "<group>"; };
		D0DEFF501C5A1D9D00A9959C /* block.m */ = {isa = PBXFileReference; fileEncoding = 4; lastKnownFileType = sourcecode.c.objc; path = block.m; sourceTree = "<group>"; };
		D0DEFF521C5A1D9D00A9959C /* blockVar.cpp */ = {isa = PBXFileReference; fileEncoding = 4; lastKnownFileType = sourcecode.cpp.cpp; path = blockVar.cpp; sourceTree = "<group>"; };
		D0DEFF531C5A1D9D00A9959C /* blockVar.m */ = {isa = PBXFileReference; fileEncoding = 4; lastKnownFileType = sourcecode.c.objc; path = blockVar.m; sourceTree = "<group>"; };
		D0DEFF551C5A1D9D00A9959C /* blockCaptureVar.cpp */ = {isa = PBXFileReference; fileEncoding = 4; lastKnownFileType = sourcecode.cpp.cpp; path = blockCaptureVar.cpp; sourceTree = "<group>"; };
		D0DEFF561C5A1D9D00A9959C /* blockCaptureVar.m */ = {isa = PBXFileReference; fileEncoding = 4; lastKnownFileType = sourcecode.c.objc; path = blockCaptureVar.m; sourceTree = "<group>"; };
		D0DEFF571C5A1D9D00A9959C /* blockCaptureVar__block.cpp */ = {isa = PBXFileReference; fileEncoding = 4; lastKnownFileType = sourcecode.cpp.cpp; path = blockCaptureVar__block.cpp; sourceTree = "<group>"; };
		D0DEFF581C5A1D9D00A9959C /* blockCaptureVar__weak.cpp */ = {isa = PBXFileReference; fileEncoding = 4; lastKnownFileType = sourcecode.cpp.cpp; path = blockCaptureVar__weak.cpp; sourceTree = "<group>"; };
/* End PBXFileReference section */

/* Begin PBXFrameworksBuildPhase section */
		D057A77E1C45DEEF0041AAD7 /* Frameworks */ = {
			isa = PBXFrameworksBuildPhase;
			buildActionMask = 2147483647;
			files = (
			);
			runOnlyForDeploymentPostprocessing = 0;
		};
/* End PBXFrameworksBuildPhase section */

/* Begin PBXGroup section */
		D057A7781C45DEEF0041AAD7 = {
			isa = PBXGroup;
			children = (
				D057A7831C45DEEF0041AAD7 /* VSBlockStudy */,
				D057A7821C45DEEF0041AAD7 /* Products */,
			);
			sourceTree = "<group>";
		};
		D057A7821C45DEEF0041AAD7 /* Products */ = {
			isa = PBXGroup;
			children = (
				D057A7811C45DEEF0041AAD7 /* VSBlockStudy.app */,
			);
			name = Products;
			sourceTree = "<group>";
		};
		D057A7831C45DEEF0041AAD7 /* VSBlockStudy */ = {
			isa = PBXGroup;
			children = (
				D0DEFF4D1C5A1D9D00A9959C /* VSBlockC++ */,
				D057A7A51C45E9BA0041AAD7 /* main */,
				D057A7A41C45E9A00041AAD7 /* VSExtended */,
				D057A7841C45DEEF0041AAD7 /* Supporting Files */,
			);
			path = VSBlockStudy;
			sourceTree = "<group>";
		};
		D057A7841C45DEEF0041AAD7 /* Supporting Files */ = {
			isa = PBXGroup;
			children = (
				D057A7871C45DEF00041AAD7 /* AppDelegate.h */,
				D057A7881C45DEF00041AAD7 /* AppDelegate.m */,
				D057A7901C45DEF00041AAD7 /* Assets.xcassets */,
				D057A7921C45DEF00041AAD7 /* LaunchScreen.storyboard */,
				D057A7951C45DEF00041AAD7 /* Info.plist */,
				D057A7851C45DEEF0041AAD7 /* main.m */,
			);
			name = "Supporting Files";
			sourceTree = "<group>";
		};
		D057A7A41C45E9A00041AAD7 /* VSExtended */ = {
			isa = PBXGroup;
			children = (
				D057A7A11C45E92C0041AAD7 /* NSString+VSExtendedString.h */,
				D057A7A21C45E92C0041AAD7 /* NSString+VSExtendedString.m */,
			);
			name = VSExtended;
			sourceTree = "<group>";
		};
		D057A7A51C45E9BA0041AAD7 /* main */ = {
			isa = PBXGroup;
			children = (
				D057A7B41C45FE110041AAD7 /* Common */,
				D057A7AD1C45F0810041AAD7 /* VSDataModel */,
				D057A7A61C45EA100041AAD7 /* VSViewControllers */,
				D057A79B1C45E07D0041AAD7 /* VSMainTableViewController.h */,
				D057A79C1C45E07D0041AAD7 /* VSMainTableViewController.m */,
				D057A78D1C45DEF00041AAD7 /* Main.storyboard */,
			);
			name = main;
			sourceTree = "<group>";
		};
		D057A7A61C45EA100041AAD7 /* VSViewControllers */ = {
			isa = PBXGroup;
			children = (
				D057A7B11C45F1950041AAD7 /* VSBlockViewController.h */,
				D057A7B21C45F1950041AAD7 /* VSBlockViewController.m */,
				D057A7C71C474D310041AAD7 /* VSARCBlockViewController.h */,
				D057A7C81C474D310041AAD7 /* VSARCBlockViewController.m */,
				D009A59E1C476C8200A79678 /* VSMRCBlockViewController.h */,
				D009A59F1C476C8200A79678 /* VSMRCBlockViewController.m */,
				D009A5A11C4787E400A79678 /* VSBlockAndDelegateViewController.h */,
				D009A5A21C4787E400A79678 /* VSBlockAndDelegateViewController.m */,
				D009A5A41C47892D00A79678 /* VSSecondViewController.h */,
				D009A5A51C47892D00A79678 /* VSSecondViewController.m */,
			);
			name = VSViewControllers;
			sourceTree = "<group>";
		};
		D057A7AD1C45F0810041AAD7 /* VSDataModel */ = {
			isa = PBXGroup;
			children = (
				D057A7AE1C45F0B50041AAD7 /* VSTestBlockModel.h */,
				D057A7AF1C45F0B50041AAD7 /* VSTestBlockModel.m */,
			);
			name = VSDataModel;
			sourceTree = "<group>";
		};
		D057A7B41C45FE110041AAD7 /* Common */ = {
			isa = PBXGroup;
			children = (
				D057A7B51C45FE290041AAD7 /* Common.h */,
				D057A7B61C45FE290041AAD7 /* Common.m */,
			);
			name = Common;
			sourceTree = "<group>";
		};
		D0DEFF4D1C5A1D9D00A9959C /* VSBlockC++ */ = {
			isa = PBXGroup;
			children = (
				D0DEFF4E1C5A1D9D00A9959C /* block_0 */,
				D0DEFF511C5A1D9D00A9959C /* block_1 */,
				D0DEFF541C5A1D9D00A9959C /* block_2 */,
			);
			path = "VSBlockC++";
			sourceTree = "<group>";
		};
		D0DEFF4E1C5A1D9D00A9959C /* block_0 */ = {
			isa = PBXGroup;
			children = (
				D0DEFF4F1C5A1D9D00A9959C /* block.cpp */,
				D0DEFF501C5A1D9D00A9959C /* block.m */,
			);
			path = block_0;
			sourceTree = "<group>";
		};
		D0DEFF511C5A1D9D00A9959C /* block_1 */ = {
			isa = PBXGroup;
			children = (
				D0DEFF521C5A1D9D00A9959C /* blockVar.cpp */,
				D0DEFF531C5A1D9D00A9959C /* blockVar.m */,
			);
			path = block_1;
			sourceTree = "<group>";
		};
		D0DEFF541C5A1D9D00A9959C /* block_2 */ = {
			isa = PBXGroup;
			children = (
				D0DEFF551C5A1D9D00A9959C /* blockCaptureVar.cpp */,
				D0DEFF561C5A1D9D00A9959C /* blockCaptureVar.m */,
				D0DEFF571C5A1D9D00A9959C /* blockCaptureVar__block.cpp */,
				D0DEFF581C5A1D9D00A9959C /* blockCaptureVar__weak.cpp */,
			);
			path = block_2;
			sourceTree = "<group>";
		};
/* End PBXGroup section */

/* Begin PBXNativeTarget section */
		D057A7801C45DEEF0041AAD7 /* VSBlockStudy */ = {
			isa = PBXNativeTarget;
			buildConfigurationList = D057A7981C45DEF00041AAD7 /* Build configuration list for PBXNativeTarget "VSBlockStudy" */;
			buildPhases = (
				D057A77D1C45DEEF0041AAD7 /* Sources */,
				D057A77E1C45DEEF0041AAD7 /* Frameworks */,
				D057A77F1C45DEEF0041AAD7 /* Resources */,
			);
			buildRules = (
			);
			dependencies = (
			);
			name = VSBlockStudy;
			productName = VSBlockStudy;
			productReference = D057A7811C45DEEF0041AAD7 /* VSBlockStudy.app */;
			productType = "com.apple.product-type.application";
		};
/* End PBXNativeTarget section */

/* Begin PBXProject section */
		D057A7791C45DEEF0041AAD7 /* Project object */ = {
			isa = PBXProject;
			attributes = {
				LastUpgradeCheck = 0720;
				ORGANIZATIONNAME = VS;
				TargetAttributes = {
					D057A7801C45DEEF0041AAD7 = {
						CreatedOnToolsVersion = 7.2;
					};
				};
			};
			buildConfigurationList = D057A77C1C45DEEF0041AAD7 /* Build configuration list for PBXProject "VSBlockStudy" */;
			compatibilityVersion = "Xcode 3.2";
			developmentRegion = English;
			hasScannedForEncodings = 0;
			knownRegions = (
				en,
				Base,
			);
			mainGroup = D057A7781C45DEEF0041AAD7;
			productRefGroup = D057A7821C45DEEF0041AAD7 /* Products */;
			projectDirPath = "";
			projectRoot = "";
			targets = (
				D057A7801C45DEEF0041AAD7 /* VSBlockStudy */,
			);
		};
/* End PBXProject section */

/* Begin PBXResourcesBuildPhase section */
		D057A77F1C45DEEF0041AAD7 /* Resources */ = {
			isa = PBXResourcesBuildPhase;
			buildActionMask = 2147483647;
			files = (
				D057A7941C45DEF00041AAD7 /* LaunchScreen.storyboard in Resources */,
				D057A7911C45DEF00041AAD7 /* Assets.xcassets in Resources */,
				D057A78F1C45DEF00041AAD7 /* Main.storyboard in Resources */,
			);
			runOnlyForDeploymentPostprocessing = 0;
		};
/* End PBXResourcesBuildPhase section */

/* Begin PBXSourcesBuildPhase section */
		D057A77D1C45DEEF0041AAD7 /* Sources */ = {
			isa = PBXSourcesBuildPhase;
			buildActionMask = 2147483647;
			files = (
				D057A7A31C45E92C0041AAD7 /* NSString+VSExtendedString.m in Sources */,
				D009A5A01C476C8200A79678 /* VSMRCBlockViewController.m in Sources */,
				D0DEFF5A1C5A1D9D00A9959C /* block.m in Sources */,
				D057A7B01C45F0B50041AAD7 /* VSTestBlockModel.m in Sources */,
				D0DEFF5C1C5A1D9D00A9959C /* blockVar.m in Sources */,
				D009A5A61C47892D00A79678 /* VSSecondViewController.m in Sources */,
				D057A79D1C45E07D0041AAD7 /* VSMainTableViewController.m in Sources */,
				D0DEFF591C5A1D9D00A9959C /* block.cpp in Sources */,
				D057A7B31C45F1950041AAD7 /* VSBlockViewController.m in Sources */,
				D0DEFF5E1C5A1D9D00A9959C /* blockCaptureVar.m in Sources */,
				D0DEFF5F1C5A1D9D00A9959C /* blockCaptureVar__block.cpp in Sources */,
				D057A7B71C45FE290041AAD7 /* Common.m in Sources */,
				D057A7C91C474D310041AAD7 /* VSARCBlockViewController.m in Sources */,
				D009A5A31C4787E400A79678 /* VSBlockAndDelegateViewController.m in Sources */,
				D0DEFF601C5A1D9D00A9959C /* blockCaptureVar__weak.cpp in Sources */,
				D0DEFF5D1C5A1D9D00A9959C /* blockCaptureVar.cpp in Sources */,
				D057A7891C45DEF00041AAD7 /* AppDelegate.m in Sources */,
				D057A7861C45DEF00041AAD7 /* main.m in Sources */,
				D0DEFF5B1C5A1D9D00A9959C /* blockVar.cpp in Sources */,
			);
			runOnlyForDeploymentPostprocessing = 0;
		};
/* End PBXSourcesBuildPhase section */

/* Begin PBXVariantGroup section */
		D057A78D1C45DEF00041AAD7 /* Main.storyboard */ = {
			isa = PBXVariantGroup;
			children = (
				D057A78E1C45DEF00041AAD7 /* Base */,
			);
			name = Main.storyboard;
			sourceTree = "<group>";
		};
		D057A7921C45DEF00041AAD7 /* LaunchScreen.storyboard */ = {
			isa = PBXVariantGroup;
			children = (
				D057A7931C45DEF00041AAD7 /* Base */,
			);
			name = LaunchScreen.storyboard;
			sourceTree = "<group>";
		};
/* End PBXVariantGroup section */

/* Begin XCBuildConfiguration section */
		D057A7961C45DEF00041AAD7 /* Debug */ = {
			isa = XCBuildConfiguration;
			buildSettings = {
				ALWAYS_SEARCH_USER_PATHS = NO;
				CLANG_CXX_LANGUAGE_STANDARD = "gnu++0x";
				CLANG_CXX_LIBRARY = "libc++";
				CLANG_ENABLE_MODULES = YES;
				CLANG_ENABLE_OBJC_ARC = YES;
				CLANG_WARN_BOOL_CONVERSION = YES;
				CLANG_WARN_CONSTANT_CONVERSION = YES;
				CLANG_WARN_DIRECT_OBJC_ISA_USAGE = YES_ERROR;
				CLANG_WARN_EMPTY_BODY = YES;
				CLANG_WARN_ENUM_CONVERSION = YES;
				CLANG_WARN_INT_CONVERSION = YES;
				CLANG_WARN_OBJC_ROOT_CLASS = YES_ERROR;
				CLANG_WARN_UNREACHABLE_CODE = YES;
				CLANG_WARN__DUPLICATE_METHOD_MATCH = YES;
				"CODE_SIGN_IDENTITY[sdk=iphoneos*]" = "iPhone Developer";
				COPY_PHASE_STRIP = NO;
				DEBUG_INFORMATION_FORMAT = dwarf;
				ENABLE_STRICT_OBJC_MSGSEND = YES;
				ENABLE_TESTABILITY = YES;
				GCC_C_LANGUAGE_STANDARD = gnu99;
				GCC_DYNAMIC_NO_PIC = NO;
				GCC_NO_COMMON_BLOCKS = YES;
				GCC_OPTIMIZATION_LEVEL = 0;
				GCC_PREPROCESSOR_DEFINITIONS = (
					"DEBUG=1",
					"$(inherited)",
				);
				GCC_WARN_64_TO_32_BIT_CONVERSION = YES;
				GCC_WARN_ABOUT_RETURN_TYPE = YES_ERROR;
				GCC_WARN_UNDECLARED_SELECTOR = YES;
				GCC_WARN_UNINITIALIZED_AUTOS = YES_AGGRESSIVE;
				GCC_WARN_UNUSED_FUNCTION = YES;
				GCC_WARN_UNUSED_VARIABLE = YES;
				IPHONEOS_DEPLOYMENT_TARGET = 9.2;
				MTL_ENABLE_DEBUG_INFO = YES;
				ONLY_ACTIVE_ARCH = YES;
				SDKROOT = iphoneos;
			};
			name = Debug;
		};
		D057A7971C45DEF00041AAD7 /* Release */ = {
			isa = XCBuildConfiguration;
			buildSettings = {
				ALWAYS_SEARCH_USER_PATHS = NO;
				CLANG_CXX_LANGUAGE_STANDARD = "gnu++0x";
				CLANG_CXX_LIBRARY = "libc++";
				CLANG_ENABLE_MODULES = YES;
				CLANG_ENABLE_OBJC_ARC = YES;
				CLANG_WARN_BOOL_CONVERSION = YES;
				CLANG_WARN_CONSTANT_CONVERSION = YES;
				CLANG_WARN_DIRECT_OBJC_ISA_USAGE = YES_ERROR;
				CLANG_WARN_EMPTY_BODY = YES;
				CLANG_WARN_ENUM_CONVERSION = YES;
				CLANG_WARN_INT_CONVERSION = YES;
				CLANG_WARN_OBJC_ROOT_CLASS = YES_ERROR;
				CLANG_WARN_UNREACHABLE_CODE = YES;
				CLANG_WARN__DUPLICATE_METHOD_MATCH = YES;
				"CODE_SIGN_IDENTITY[sdk=iphoneos*]" = "iPhone Developer";
				COPY_PHASE_STRIP = NO;
				DEBUG_INFORMATION_FORMAT = "dwarf-with-dsym";
				ENABLE_NS_ASSERTIONS = NO;
				ENABLE_STRICT_OBJC_MSGSEND = YES;
				GCC_C_LANGUAGE_STANDARD = gnu99;
				GCC_NO_COMMON_BLOCKS = YES;
				GCC_WARN_64_TO_32_BIT_CONVERSION = YES;
				GCC_WARN_ABOUT_RETURN_TYPE = YES_ERROR;
				GCC_WARN_UNDECLARED_SELECTOR = YES;
				GCC_WARN_UNINITIALIZED_AUTOS = YES_AGGRESSIVE;
				GCC_WARN_UNUSED_FUNCTION = YES;
				GCC_WARN_UNUSED_VARIABLE = YES;
				IPHONEOS_DEPLOYMENT_TARGET = 9.2;
				MTL_ENABLE_DEBUG_INFO = NO;
				SDKROOT = iphoneos;
				VALIDATE_PRODUCT = YES;
			};
			name = Release;
		};
		D057A7991C45DEF00041AAD7 /* Debug */ = {
			isa = XCBuildConfiguration;
			buildSettings = {
				ASSETCATALOG_COMPILER_APPICON_NAME = AppIcon;
				INFOPLIST_FILE = VSBlockStudy/Info.plist;
				LD_RUNPATH_SEARCH_PATHS = "$(inherited) @executable_path/Frameworks";
				PRODUCT_BUNDLE_IDENTIFIER = com.VC.VSBlockStudy;
				PRODUCT_NAME = "$(TARGET_NAME)";
			};
			name = Debug;
		};
		D057A79A1C45DEF00041AAD7 /* Release */ = {
			isa = XCBuildConfiguration;
			buildSettings = {
				ASSETCATALOG_COMPILER_APPICON_NAME = AppIcon;
				INFOPLIST_FILE = VSBlockStudy/Info.plist;
				LD_RUNPATH_SEARCH_PATHS = "$(inherited) @executable_path/Frameworks";
				PRODUCT_BUNDLE_IDENTIFIER = com.VC.VSBlockStudy;
				PRODUCT_NAME = "$(TARGET_NAME)";
			};
			name = Release;
		};
/* End XCBuildConfiguration section */

/* Begin XCConfigurationList section */
		D057A77C1C45DEEF0041AAD7 /* Build configuration list for PBXProject "VSBlockStudy" */ = {
			isa = XCConfigurationList;
			buildConfigurations = (
				D057A7961C45DEF00041AAD7 /* Debug */,
				D057A7971C45DEF00041AAD7 /* Release */,
			);
			defaultConfigurationIsVisible = 0;
			defaultConfigurationName = Release;
		};
		D057A7981C45DEF00041AAD7 /* Build configuration list for PBXNativeTarget "VSBlockStudy" */ = {
			isa = XCConfigurationList;
			buildConfigurations = (
				D057A7991C45DEF00041AAD7 /* Debug */,
				D057A79A1C45DEF00041AAD7 /* Release */,
			);
			defaultConfigurationIsVisible = 0;
			defaultConfigurationName = Release;
		};
/* End XCConfigurationList section */
	};
	rootObject = D057A7791C45DEEF0041AAD7 /* Project object */;
}
